
Microsoft Visual Studio Solution File, Format Version 12.00
# Visual Studio Version 17
VisualStudioVersion = 17.0.31903.59
MinimumVisualStudioVersion = 10.0.40219.1
Project("{2150E333-8FDC-42A3-9474-1A3956D46DE8}") = "src", "src", "{827E0CD3-B72D-47B6-A68D-7590B98EB39B}"
EndProject
Project("{2150E333-8FDC-42A3-9474-1A3956D46DE8}") = "BuildingBlocks", "BuildingBlocks", "{90298CBA-BD6F-3A0A-69D5-97CAD7B05E7E}"
EndProject
Project("{FAE04EC0-301F-11D3-BF4B-00C04F79EFBC}") = "Shared.Grpc", "src\BuildingBlocks\Shared.Grpc\Shared.Grpc.csproj", "{E1500847-8958-48EE-B44B-776AF406D0C1}"
EndProject
Project("{FAE04EC0-301F-11D3-BF4B-00C04F79EFBC}") = "Shared.Messaging", "src\BuildingBlocks\Shared.Messaging\Shared.Messaging.csproj", "{78BC4610-4329-4106-8C57-B64914EB7014}"
EndProject
Project("{FAE04EC0-301F-11D3-BF4B-00C04F79EFBC}") = "OrderService", "src\OrderService\OrderService.csproj", "{BFFFD4C8-F513-4101-91D8-DECFBC00617C}"
EndProject
Project("{FAE04EC0-301F-11D3-BF4B-00C04F79EFBC}") = "PaymentService", "src\PaymentService\PaymentService.csproj", "{2D7CC4D2-C20A-46DD-9E41-411374C8E610}"
EndProject
Project("{FAE04EC0-301F-11D3-BF4B-00C04F79EFBC}") = "InventoryService", "src\InventoryService\InventoryService.csproj", "{DA33EF9F-50FC-4077-97E6-7B844860EA3A}"
EndProject
Project("{FAE04EC0-301F-11D3-BF4B-00C04F79EFBC}") = "ShippingService", "src\ShippingService\ShippingService.csproj", "{26AF0C8F-660B-42D1-9999-561260130007}"
EndProject
Global
	GlobalSection(SolutionConfigurationPlatforms) = preSolution
		Debug|Any CPU = Debug|Any CPU
		Debug|x64 = Debug|x64
		Debug|x86 = Debug|x86
		Release|Any CPU = Release|Any CPU
		Release|x64 = Release|x64
		Release|x86 = Release|x86
	EndGlobalSection
	GlobalSection(ProjectConfigurationPlatforms) = postSolution
		{E1500847-8958-48EE-B44B-776AF406D0C1}.Debug|Any CPU.ActiveCfg = Debug|Any CPU
		{E1500847-8958-48EE-B44B-776AF406D0C1}.Debug|Any CPU.Build.0 = Debug|Any CPU
		{E1500847-8958-48EE-B44B-776AF406D0C1}.Debug|x64.ActiveCfg = Debug|Any CPU
		{E1500847-8958-48EE-B44B-776AF406D0C1}.Debug|x64.Build.0 = Debug|Any CPU
		{E1500847-8958-48EE-B44B-776AF406D0C1}.Debug|x86.ActiveCfg = Debug|Any CPU
		{E1500847-8958-48EE-B44B-776AF406D0C1}.Debug|x86.Build.0 = Debug|Any CPU
		{E1500847-8958-48EE-B44B-776AF406D0C1}.Release|Any CPU.ActiveCfg = Release|Any CPU
		{E1500847-8958-48EE-B44B-776AF406D0C1}.Release|Any CPU.Build.0 = Release|Any CPU
		{E1500847-8958-48EE-B44B-776AF406D0C1}.Release|x64.ActiveCfg = Release|Any CPU
		{E1500847-8958-48EE-B44B-776AF406D0C1}.Release|x64.Build.0 = Release|Any CPU
		{E1500847-8958-48EE-B44B-776AF406D0C1}.Release|x86.ActiveCfg = Release|Any CPU
		{E1500847-8958-48EE-B44B-776AF406D0C1}.Release|x86.Build.0 = Release|Any CPU
		{78BC4610-4329-4106-8C57-B64914EB7014}.Debug|Any CPU.ActiveCfg = Debug|Any CPU
		{78BC4610-4329-4106-8C57-B64914EB7014}.Debug|Any CPU.Build.0 = Debug|Any CPU
		{78BC4610-4329-4106-8C57-B64914EB7014}.Debug|x64.ActiveCfg = Debug|Any CPU
		{78BC4610-4329-4106-8C57-B64914EB7014}.Debug|x64.Build.0 = Debug|Any CPU
		{78BC4610-4329-4106-8C57-B64914EB7014}.Debug|x86.ActiveCfg = Debug|Any CPU
		{78BC4610-4329-4106-8C57-B64914EB7014}.Debug|x86.Build.0 = Debug|Any CPU
		{78BC4610-4329-4106-8C57-B64914EB7014}.Release|Any CPU.ActiveCfg = Release|Any CPU
		{78BC4610-4329-4106-8C57-B64914EB7014}.Release|Any CPU.Build.0 = Release|Any CPU
		{78BC4610-4329-4106-8C57-B64914EB7014}.Release|x64.ActiveCfg = Release|Any CPU
		{78BC4610-4329-4106-8C57-B64914EB7014}.Release|x64.Build.0 = Release|Any CPU
		{78BC4610-4329-4106-8C57-B64914EB7014}.Release|x86.ActiveCfg = Release|Any CPU
		{78BC4610-4329-4106-8C57-B64914EB7014}.Release|x86.Build.0 = Release|Any CPU
		{BFFFD4C8-F513-4101-91D8-DECFBC00617C}.Debug|Any CPU.ActiveCfg = Debug|Any CPU
		{BFFFD4C8-F513-4101-91D8-DECFBC00617C}.Debug|Any CPU.Build.0 = Debug|Any CPU
		{BFFFD4C8-F513-4101-91D8-DECFBC00617C}.Debug|x64.ActiveCfg = Debug|Any CPU
		{BFFFD4C8-F513-4101-91D8-DECFBC00617C}.Debug|x64.Build.0 = Debug|Any CPU
		{BFFFD4C8-F513-4101-91D8-DECFBC00617C}.Debug|x86.ActiveCfg = Debug|Any CPU
		{BFFFD4C8-F513-4101-91D8-DECFBC00617C}.Debug|x86.Build.0 = Debug|Any CPU
		{BFFFD4C8-F513-4101-91D8-DECFBC00617C}.Release|Any CPU.ActiveCfg = Release|Any CPU
		{BFFFD4C8-F513-4101-91D8-DECFBC00617C}.Release|Any CPU.Build.0 = Release|Any CPU
		{BFFFD4C8-F513-4101-91D8-DECFBC00617C}.Release|x64.ActiveCfg = Release|Any CPU
		{BFFFD4C8-F513-4101-91D8-DECFBC00617C}.Release|x64.Build.0 = Release|Any CPU
		{BFFFD4C8-F513-4101-91D8-DECFBC00617C}.Release|x86.ActiveCfg = Release|Any CPU
		{BFFFD4C8-F513-4101-91D8-DECFBC00617C}.Release|x86.Build.0 = Release|Any CPU
		{2D7CC4D2-C20A-46DD-9E41-411374C8E610}.Debug|Any CPU.ActiveCfg = Debug|Any CPU
		{2D7CC4D2-C20A-46DD-9E41-411374C8E610}.Debug|Any CPU.Build.0 = Debug|Any CPU
		{2D7CC4D2-C20A-46DD-9E41-411374C8E610}.Debug|x64.ActiveCfg = Debug|Any CPU
		{2D7CC4D2-C20A-46DD-9E41-411374C8E610}.Debug|x64.Build.0 = Debug|Any CPU
		{2D7CC4D2-C20A-46DD-9E41-411374C8E610}.Debug|x86.ActiveCfg = Debug|Any CPU
		{2D7CC4D2-C20A-46DD-9E41-411374C8E610}.Debug|x86.Build.0 = Debug|Any CPU
		{2D7CC4D2-C20A-46DD-9E41-411374C8E610}.Release|Any CPU.ActiveCfg = Release|Any CPU
		{2D7CC4D2-C20A-46DD-9E41-411374C8E610}.Release|Any CPU.Build.0 = Release|Any CPU
		{2D7CC4D2-C20A-46DD-9E41-411374C8E610}.Release|x64.ActiveCfg = Release|Any CPU
		{2D7CC4D2-C20A-46DD-9E41-411374C8E610}.Release|x64.Build.0 = Release|Any CPU
		{2D7CC4D2-C20A-46DD-9E41-411374C8E610}.Release|x86.ActiveCfg = Release|Any CPU
		{2D7CC4D2-C20A-46DD-9E41-411374C8E610}.Release|x86.Build.0 = Release|Any CPU
		{DA33EF9F-50FC-4077-97E6-7B844860EA3A}.Debug|Any CPU.ActiveCfg = Debug|Any CPU
		{DA33EF9F-50FC-4077-97E6-7B844860EA3A}.Debug|Any CPU.Build.0 = Debug|Any CPU
		{DA33EF9F-50FC-4077-97E6-7B844860EA3A}.Debug|x64.ActiveCfg = Debug|Any CPU
		{DA33EF9F-50FC-4077-97E6-7B844860EA3A}.Debug|x64.Build.0 = Debug|Any CPU
		{DA33EF9F-50FC-4077-97E6-7B844860EA3A}.Debug|x86.ActiveCfg = Debug|Any CPU
		{DA33EF9F-50FC-4077-97E6-7B844860EA3A}.Debug|x86.Build.0 = Debug|Any CPU
		{DA33EF9F-50FC-4077-97E6-7B844860EA3A}.Release|Any CPU.ActiveCfg = Release|Any CPU
		{DA33EF9F-50FC-4077-97E6-7B844860EA3A}.Release|Any CPU.Build.0 = Release|Any CPU
		{DA33EF9F-50FC-4077-97E6-7B844860EA3A}.Release|x64.ActiveCfg = Release|Any CPU
		{DA33EF9F-50FC-4077-97E6-7B844860EA3A}.Release|x64.Build.0 = Release|Any CPU
		{DA33EF9F-50FC-4077-97E6-7B844860EA3A}.Release|x86.ActiveCfg = Release|Any CPU
		{DA33EF9F-50FC-4077-97E6-7B844860EA3A}.Release|x86.Build.0 = Release|Any CPU
		{26AF0C8F-660B-42D1-9999-561260130007}.Debug|Any CPU.ActiveCfg = Debug|Any CPU
		{26AF0C8F-660B-42D1-9999-561260130007}.Debug|Any CPU.Build.0 = Debug|Any CPU
		{26AF0C8F-660B-42D1-9999-561260130007}.Debug|x64.ActiveCfg = Debug|Any CPU
		{26AF0C8F-660B-42D1-9999-561260130007}.Debug|x64.Build.0 = Debug|Any CPU
		{26AF0C8F-660B-42D1-9999-561260130007}.Debug|x86.ActiveCfg = Debug|Any CPU
		{26AF0C8F-660B-42D1-9999-561260130007}.Debug|x86.Build.0 = Debug|Any CPU
		{26AF0C8F-660B-42D1-9999-561260130007}.Release|Any CPU.ActiveCfg = Release|Any CPU
		{26AF0C8F-660B-42D1-9999-561260130007}.Release|Any CPU.Build.0 = Release|Any CPU
		{26AF0C8F-660B-42D1-9999-561260130007}.Release|x64.ActiveCfg = Release|Any CPU
		{26AF0C8F-660B-42D1-9999-561260130007}.Release|x64.Build.0 = Release|Any CPU
		{26AF0C8F-660B-42D1-9999-561260130007}.Release|x86.ActiveCfg = Release|Any CPU
		{26AF0C8F-660B-42D1-9999-561260130007}.Release|x86.Build.0 = Release|Any CPU
	EndGlobalSection
	GlobalSection(SolutionProperties) = preSolution
		HideSolutionNode = FALSE
	EndGlobalSection
	GlobalSection(NestedProjects) = preSolution
		{90298CBA-BD6F-3A0A-69D5-97CAD7B05E7E} = {827E0CD3-B72D-47B6-A68D-7590B98EB39B}
		{E1500847-8958-48EE-B44B-776AF406D0C1} = {90298CBA-BD6F-3A0A-69D5-97CAD7B05E7E}
		{78BC4610-4329-4106-8C57-B64914EB7014} = {90298CBA-BD6F-3A0A-69D5-97CAD7B05E7E}
		{BFFFD4C8-F513-4101-91D8-DECFBC00617C} = {827E0CD3-B72D-47B6-A68D-7590B98EB39B}
		{2D7CC4D2-C20A-46DD-9E41-411374C8E610} = {827E0CD3-B72D-47B6-A68D-7590B98EB39B}
		{DA33EF9F-50FC-4077-97E6-7B844860EA3A} = {827E0CD3-B72D-47B6-A68D-7590B98EB39B}
		{26AF0C8F-660B-42D1-9999-561260130007} = {827E0CD3-B72D-47B6-A68D-7590B98EB39B}
	EndGlobalSection
EndGlobal
